
Microsoft Visual Studio Solution File, Format Version 12.00
# Visual Studio Version 16
VisualStudioVersion = 16.0.29215.179
MinimumVisualStudioVersion = 10.0.40219.1
Project("{FAE04EC0-301F-11D3-BF4B-00C04F79EFBC}") = "BetterNutrientPasteDispenserControls", "BetterNutrientPasteDispenserControls\BetterNutrientPasteDispenserControls.csproj", "{991ACD3D-4F21-47EE-95D7-CF01BACFF586}"
EndProject
Global
	GlobalSection(SolutionConfigurationPlatforms) = preSolution
		Debug|Any CPU = Debug|Any CPU
		Release|Any CPU = Release|Any CPU
	EndGlobalSection
	GlobalSection(ProjectConfigurationPlatforms) = postSolution
		{991ACD3D-4F21-47EE-95D7-CF01BACFF586}.Debug|Any CPU.ActiveCfg = Debug|Any CPU
		{991ACD3D-4F21-47EE-95D7-CF01BACFF586}.Debug|Any CPU.Build.0 = Debug|Any CPU
		{991ACD3D-4F21-47EE-95D7-CF01BACFF586}.Release|Any CPU.ActiveCfg = Release|Any CPU
		{991ACD3D-4F21-47EE-95D7-CF01BACFF586}.Release|Any CPU.Build.0 = Release|Any CPU
	EndGlobalSection
	GlobalSection(SolutionProperties) = preSolution
		HideSolutionNode = FALSE
	EndGlobalSection
	GlobalSection(ExtensibilityGlobals) = postSolution
		SolutionGuid = {6BFAD1C6-4927-441A-A43F-4E01CD92951F}
	EndGlobalSection
EndGlobal
